// !$*UTF8*$!
{
	archiveVersion = 1;
	classes = {
	};
	objectVersion = 50;
	objects = {

/* Begin PBXBuildFile section */
		B42D63F42211DEE900346AF7 /* AppDelegate.m in Sources */ = {isa = PBXBuildFile; fileRef = B42D63F32211DEE900346AF7 /* AppDelegate.m */; };
		B42D63FA2211DEE900346AF7 /* Main.storyboard in Resources */ = {isa = PBXBuildFile; fileRef = B42D63F82211DEE900346AF7 /* Main.storyboard */; };
		B42D63FF2211DEEA00346AF7 /* LaunchScreen.storyboard in Resources */ = {isa = PBXBuildFile; fileRef = B42D63FD2211DEEA00346AF7 /* LaunchScreen.storyboard */; };
		B42D64022211DEEA00346AF7 /* main.m in Sources */ = {isa = PBXBuildFile; fileRef = B42D64012211DEEA00346AF7 /* main.m */; };
		B42D640A2211E6BA00346AF7 /* PlanetCRM.m in Sources */ = {isa = PBXBuildFile; fileRef = B42D64092211E6BA00346AF7 /* PlanetCRM.m */; };
		B42D640D2211ECEC00346AF7 /* CRMPlanetController.m in Sources */ = {isa = PBXBuildFile; fileRef = B42D640C2211ECEC00346AF7 /* CRMPlanetController.m */; };
		B42D64102211F00300346AF7 /* PlanetListTableViewController.m in Sources */ = {isa = PBXBuildFile; fileRef = B42D640F2211F00300346AF7 /* PlanetListTableViewController.m */; };
		B42D64122211F4C800346AF7 /* Assets.xcassets in Resources */ = {isa = PBXBuildFile; fileRef = B42D64112211F4C800346AF7 /* Assets.xcassets */; };
		B42D64152211F77B00346AF7 /* CRMPlanetDetailViewController.m in Sources */ = {isa = PBXBuildFile; fileRef = B42D64142211F77B00346AF7 /* CRMPlanetDetailViewController.m */; };
/* End PBXBuildFile section */

/* Begin PBXFileReference section */
		B42D63EF2211DEE900346AF7 /* SolarSystem-C24.app */ = {isa = PBXFileReference; explicitFileType = wrapper.application; includeInIndex = 0; path = "SolarSystem-C24.app"; sourceTree = BUILT_PRODUCTS_DIR; };
		B42D63F22211DEE900346AF7 /* AppDelegate.h */ = {isa = PBXFileReference; lastKnownFileType = sourcecode.c.h; path = AppDelegate.h; sourceTree = "<group>"; };
		B42D63F32211DEE900346AF7 /* AppDelegate.m */ = {isa = PBXFileReference; lastKnownFileType = sourcecode.c.objc; path = AppDelegate.m; sourceTree = "<group>"; };
		B42D63F92211DEE900346AF7 /* Base */ = {isa = PBXFileReference; lastKnownFileType = file.storyboard; name = Base; path = Base.lproj/Main.storyboard; sourceTree = "<group>"; };
		B42D63FE2211DEEA00346AF7 /* Base */ = {isa = PBXFileReference; lastKnownFileType = file.storyboard; name = Base; path = Base.lproj/LaunchScreen.storyboard; sourceTree = "<group>"; };
		B42D64002211DEEA00346AF7 /* Info.plist */ = {isa = PBXFileReference; lastKnownFileType = text.plist.xml; path = Info.plist; sourceTree = "<group>"; };
		B42D64012211DEEA00346AF7 /* main.m */ = {isa = PBXFileReference; lastKnownFileType = sourcecode.c.objc; path = main.m; sourceTree = "<group>"; };
		B42D64082211E6BA00346AF7 /* PlanetCRM.h */ = {isa = PBXFileReference; lastKnownFileType = sourcecode.c.h; path = PlanetCRM.h; sourceTree = "<group>"; };
		B42D64092211E6BA00346AF7 /* PlanetCRM.m */ = {isa = PBXFileReference; lastKnownFileType = sourcecode.c.objc; path = PlanetCRM.m; sourceTree = "<group>"; };
		B42D640B2211ECEC00346AF7 /* CRMPlanetController.h */ = {isa = PBXFileReference; lastKnownFileType = sourcecode.c.h; path = CRMPlanetController.h; sourceTree = "<group>"; };
		B42D640C2211ECEC00346AF7 /* CRMPlanetController.m */ = {isa = PBXFileReference; lastKnownFileType = sourcecode.c.objc; path = CRMPlanetController.m; sourceTree = "<group>"; };
		B42D640E2211F00300346AF7 /* PlanetListTableViewController.h */ = {isa = PBXFileReference; lastKnownFileType = sourcecode.c.h; path = PlanetListTableViewController.h; sourceTree = "<group>"; };
		B42D640F2211F00300346AF7 /* PlanetListTableViewController.m */ = {isa = PBXFileReference; lastKnownFileType = sourcecode.c.objc; path = PlanetListTableViewController.m; sourceTree = "<group>"; };
		B42D64112211F4C800346AF7 /* Assets.xcassets */ = {isa = PBXFileReference; lastKnownFileType = folder.assetcatalog; path = Assets.xcassets; sourceTree = "<group>"; };
		B42D64132211F77B00346AF7 /* CRMPlanetDetailViewController.h */ = {isa = PBXFileReference; lastKnownFileType = sourcecode.c.h; path = CRMPlanetDetailViewController.h; sourceTree = "<group>"; };
		B42D64142211F77B00346AF7 /* CRMPlanetDetailViewController.m */ = {isa = PBXFileReference; lastKnownFileType = sourcecode.c.objc; path = CRMPlanetDetailViewController.m; sourceTree = "<group>"; };
/* End PBXFileReference section */

/* Begin PBXFrameworksBuildPhase section */
		B42D63EC2211DEE900346AF7 /* Frameworks */ = {
			isa = PBXFrameworksBuildPhase;
			buildActionMask = 2147483647;
			files = (
			);
			runOnlyForDeploymentPostprocessing = 0;
		};
/* End PBXFrameworksBuildPhase section */

/* Begin PBXGroup section */
		B42D63E62211DEE900346AF7 = {
			isa = PBXGroup;
			children = (
				B42D63F12211DEE900346AF7 /* SolarSystem-C24 */,
				B42D63F02211DEE900346AF7 /* Products */,
			);
			sourceTree = "<group>";
		};
		B42D63F02211DEE900346AF7 /* Products */ = {
			isa = PBXGroup;
			children = (
				B42D63EF2211DEE900346AF7 /* SolarSystem-C24.app */,
			);
			name = Products;
			sourceTree = "<group>";
		};
		B42D63F12211DEE900346AF7 /* SolarSystem-C24 */ = {
			isa = PBXGroup;
			children = (
				B42D641A2211F7F000346AF7 /* Storyboard */,
				B42D64162211F78700346AF7 /* Model */,
				B42D64172211F79500346AF7 /* ModelController */,
				B42D64182211F7A600346AF7 /* View Controllers */,
				B42D64192211F7E500346AF7 /* Resources */,
			);
			path = "SolarSystem-C24";
			sourceTree = "<group>";
		};
		B42D64162211F78700346AF7 /* Model */ = {
			isa = PBXGroup;
			children = (
				B42D64082211E6BA00346AF7 /* PlanetCRM.h */,
				B42D64092211E6BA00346AF7 /* PlanetCRM.m */,
			);
			path = Model;
			sourceTree = "<group>";
		};
		B42D64172211F79500346AF7 /* ModelController */ = {
			isa = PBXGroup;
			children = (
				B42D640B2211ECEC00346AF7 /* CRMPlanetController.h */,
				B42D640C2211ECEC00346AF7 /* CRMPlanetController.m */,
			);
			path = ModelController;
			sourceTree = "<group>";
		};
		B42D64182211F7A600346AF7 /* View Controllers */ = {
			isa = PBXGroup;
			children = (
				B42D640E2211F00300346AF7 /* PlanetListTableViewController.h */,
				B42D640F2211F00300346AF7 /* PlanetListTableViewController.m */,
				B42D64132211F77B00346AF7 /* CRMPlanetDetailViewController.h */,
				B42D64142211F77B00346AF7 /* CRMPlanetDetailViewController.m */,
			);
			path = "View Controllers";
			sourceTree = "<group>";
		};
		B42D64192211F7E500346AF7 /* Resources */ = {
			isa = PBXGroup;
			children = (
				B42D64112211F4C800346AF7 /* Assets.xcassets */,
				B42D64012211DEEA00346AF7 /* main.m */,
				B42D64002211DEEA00346AF7 /* Info.plist */,
				B42D63FD2211DEEA00346AF7 /* LaunchScreen.storyboard */,
				B42D63F22211DEE900346AF7 /* AppDelegate.h */,
				B42D63F32211DEE900346AF7 /* AppDelegate.m */,
			);
			path = Resources;
			sourceTree = "<group>";
		};
		B42D641A2211F7F000346AF7 /* Storyboard */ = {
			isa = PBXGroup;
			children = (
				B42D63F82211DEE900346AF7 /* Main.storyboard */,
			);
			path = Storyboard;
			sourceTree = "<group>";
		};
/* End PBXGroup section */

/* Begin PBXNativeTarget section */
		B42D63EE2211DEE900346AF7 /* SolarSystem-C24 */ = {
			isa = PBXNativeTarget;
			buildConfigurationList = B42D64052211DEEA00346AF7 /* Build configuration list for PBXNativeTarget "SolarSystem-C24" */;
			buildPhases = (
				B42D63EB2211DEE900346AF7 /* Sources */,
				B42D63EC2211DEE900346AF7 /* Frameworks */,
				B42D63ED2211DEE900346AF7 /* Resources */,
			);
			buildRules = (
			);
			dependencies = (
			);
			name = "SolarSystem-C24";
			productName = "SolarSystem-C24";
			productReference = B42D63EF2211DEE900346AF7 /* SolarSystem-C24.app */;
			productType = "com.apple.product-type.application";
		};
/* End PBXNativeTarget section */

/* Begin PBXProject section */
		B42D63E72211DEE900346AF7 /* Project object */ = {
			isa = PBXProject;
			attributes = {
				LastUpgradeCheck = 1010;
				ORGANIZATIONNAME = "Cameron Milliken";
				TargetAttributes = {
					B42D63EE2211DEE900346AF7 = {
						CreatedOnToolsVersion = 10.1;
					};
				};
			};
			buildConfigurationList = B42D63EA2211DEE900346AF7 /* Build configuration list for PBXProject "SolarSystem-C24" */;
			compatibilityVersion = "Xcode 9.3";
			developmentRegion = en;
			hasScannedForEncodings = 0;
			knownRegions = (
				en,
				Base,
			);
			mainGroup = B42D63E62211DEE900346AF7;
			productRefGroup = B42D63F02211DEE900346AF7 /* Products */;
			projectDirPath = "";
			projectRoot = "";
			targets = (
				B42D63EE2211DEE900346AF7 /* SolarSystem-C24 */,
			);
		};
/* End PBXProject section */

/* Begin PBXResourcesBuildPhase section */
		B42D63ED2211DEE900346AF7 /* Resources */ = {
			isa = PBXResourcesBuildPhase;
			buildActionMask = 2147483647;
			files = (
				B42D63FF2211DEEA00346AF7 /* LaunchScreen.storyboard in Resources */,
				B42D64122211F4C800346AF7 /* Assets.xcassets in Resources */,
				B42D63FA2211DEE900346AF7 /* Main.storyboard in Resources */,
			);
			runOnlyForDeploymentPostprocessing = 0;
		};
/* End PBXResourcesBuildPhase section */

/* Begin PBXSourcesBuildPhase section */
		B42D63EB2211DEE900346AF7 /* Sources */ = {
			isa = PBXSourcesBuildPhase;
			buildActionMask = 2147483647;
			files = (
				B42D64152211F77B00346AF7 /* CRMPlanetDetailViewController.m in Sources */,
				B42D64022211DEEA00346AF7 /* main.m in Sources */,
				B42D640A2211E6BA00346AF7 /* PlanetCRM.m in Sources */,
				B42D64102211F00300346AF7 /* PlanetListTableViewController.m in Sources */,
				B42D640D2211ECEC00346AF7 /* CRMPlanetController.m in Sources */,
				B42D63F42211DEE900346AF7 /* AppDelegate.m in Sources */,
			);
			runOnlyForDeploymentPostprocessing = 0;
		};
/* End PBXSourcesBuildPhase section */

/* Begin PBXVariantGroup section */
		B42D63F82211DEE900346AF7 /* Main.storyboard */ = {
			isa = PBXVariantGroup;
			children = (
				B42D63F92211DEE900346AF7 /* Base */,
			);
			name = Main.storyboard;
			sourceTree = "<group>";
		};
		B42D63FD2211DEEA00346AF7 /* LaunchScreen.storyboard */ = {
			isa = PBXVariantGroup;
			children = (
				B42D63FE2211DEEA00346AF7 /* Base */,
			);
			name = LaunchScreen.storyboard;
			sourceTree = "<group>";
		};
/* End PBXVariantGroup section */

/* Begin XCBuildConfiguration section */
		B42D64032211DEEA00346AF7 /* Debug */ = {
			isa = XCBuildConfiguration;
			buildSettings = {
				ALWAYS_SEARCH_USER_PATHS = NO;
				CLANG_ANALYZER_NONNULL = YES;
				CLANG_ANALYZER_NUMBER_OBJECT_CONVERSION = YES_AGGRESSIVE;
				CLANG_CXX_LANGUAGE_STANDARD = "gnu++14";
				CLANG_CXX_LIBRARY = "libc++";
				CLANG_ENABLE_MODULES = YES;
				CLANG_ENABLE_OBJC_ARC = YES;
				CLANG_ENABLE_OBJC_WEAK = YES;
				CLANG_WARN_BLOCK_CAPTURE_AUTORELEASING = YES;
				CLANG_WARN_BOOL_CONVERSION = YES;
				CLANG_WARN_COMMA = YES;
				CLANG_WARN_CONSTANT_CONVERSION = YES;
				CLANG_WARN_DEPRECATED_OBJC_IMPLEMENTATIONS = YES;
				CLANG_WARN_DIRECT_OBJC_ISA_USAGE = YES_ERROR;
				CLANG_WARN_DOCUMENTATION_COMMENTS = YES;
				CLANG_WARN_EMPTY_BODY = YES;
				CLANG_WARN_ENUM_CONVERSION = YES;
				CLANG_WARN_INFINITE_RECURSION = YES;
				CLANG_WARN_INT_CONVERSION = YES;
				CLANG_WARN_NON_LITERAL_NULL_CONVERSION = YES;
				CLANG_WARN_OBJC_IMPLICIT_RETAIN_SELF = YES;
				CLANG_WARN_OBJC_LITERAL_CONVERSION = YES;
				CLANG_WARN_OBJC_ROOT_CLASS = YES_ERROR;
				CLANG_WARN_RANGE_LOOP_ANALYSIS = YES;
				CLANG_WARN_STRICT_PROTOTYPES = YES;
				CLANG_WARN_SUSPICIOUS_MOVE = YES;
				CLANG_WARN_UNGUARDED_AVAILABILITY = YES_AGGRESSIVE;
				CLANG_WARN_UNREACHABLE_CODE = YES;
				CLANG_WARN__DUPLICATE_METHOD_MATCH = YES;
				CODE_SIGN_IDENTITY = "iPhone Developer";
				COPY_PHASE_STRIP = NO;
				DEBUG_INFORMATION_FORMAT = dwarf;
				ENABLE_STRICT_OBJC_MSGSEND = YES;
				ENABLE_TESTABILITY = YES;
				GCC_C_LANGUAGE_STANDARD = gnu11;
				GCC_DYNAMIC_NO_PIC = NO;
				GCC_NO_COMMON_BLOCKS = YES;
				GCC_OPTIMIZATION_LEVEL = 0;
				GCC_PREPROCESSOR_DEFINITIONS = (
					"DEBUG=1",
					"$(inherited)",
				);
				GCC_WARN_64_TO_32_BIT_CONVERSION = YES;
				GCC_WARN_ABOUT_RETURN_TYPE = YES_ERROR;
				GCC_WARN_UNDECLARED_SELECTOR = YES;
				GCC_WARN_UNINITIALIZED_AUTOS = YES_AGGRESSIVE;
				GCC_WARN_UNUSED_FUNCTION = YES;
				GCC_WARN_UNUSED_VARIABLE = YES;
				IPHONEOS_DEPLOYMENT_TARGET = 12.1;
				MTL_ENABLE_DEBUG_INFO = INCLUDE_SOURCE;
				MTL_FAST_MATH = YES;
				ONLY_ACTIVE_ARCH = YES;
				SDKROOT = iphoneos;
			};
			name = Debug;
		};
		B42D64042211DEEA00346AF7 /* Release */ = {
			isa = XCBuildConfiguration;
			buildSettings = {
				ALWAYS_SEARCH_USER_PATHS = NO;
				CLANG_ANALYZER_NONNULL = YES;
				CLANG_ANALYZER_NUMBER_OBJECT_CONVERSION = YES_AGGRESSIVE;
				CLANG_CXX_LANGUAGE_STANDARD = "gnu++14";
				CLANG_CXX_LIBRARY = "libc++";
				CLANG_ENABLE_MODULES = YES;
				CLANG_ENABLE_OBJC_ARC = YES;
				CLANG_ENABLE_OBJC_WEAK = YES;
				CLANG_WARN_BLOCK_CAPTURE_AUTORELEASING = YES;
				CLANG_WARN_BOOL_CONVERSION = YES;
				CLANG_WARN_COMMA = YES;
				CLANG_WARN_CONSTANT_CONVERSION = YES;
				CLANG_WARN_DEPRECATED_OBJC_IMPLEMENTATIONS = YES;
				CLANG_WARN_DIRECT_OBJC_ISA_USAGE = YES_ERROR;
				CLANG_WARN_DOCUMENTATION_COMMENTS = YES;
				CLANG_WARN_EMPTY_BODY = YES;
				CLANG_WARN_ENUM_CONVERSION = YES;
				CLANG_WARN_INFINITE_RECURSION = YES;
				CLANG_WARN_INT_CONVERSION = YES;
				CLANG_WARN_NON_LITERAL_NULL_CONVERSION = YES;
				CLANG_WARN_OBJC_IMPLICIT_RETAIN_SELF = YES;
				CLANG_WARN_OBJC_LITERAL_CONVERSION = YES;
				CLANG_WARN_OBJC_ROOT_CLASS = YES_ERROR;
				CLANG_WARN_RANGE_LOOP_ANALYSIS = YES;
				CLANG_WARN_STRICT_PROTOTYPES = YES;
				CLANG_WARN_SUSPICIOUS_MOVE = YES;
				CLANG_WARN_UNGUARDED_AVAILABILITY = YES_AGGRESSIVE;
				CLANG_WARN_UNREACHABLE_CODE = YES;
				CLANG_WARN__DUPLICATE_METHOD_MATCH = YES;
				CODE_SIGN_IDENTITY = "iPhone Developer";
				COPY_PHASE_STRIP = NO;
				DEBUG_INFORMATION_FORMAT = "dwarf-with-dsym";
				ENABLE_NS_ASSERTIONS = NO;
				ENABLE_STRICT_OBJC_MSGSEND = YES;
				GCC_C_LANGUAGE_STANDARD = gnu11;
				GCC_NO_COMMON_BLOCKS = YES;
				GCC_WARN_64_TO_32_BIT_CONVERSION = YES;
				GCC_WARN_ABOUT_RETURN_TYPE = YES_ERROR;
				GCC_WARN_UNDECLARED_SELECTOR = YES;
				GCC_WARN_UNINITIALIZED_AUTOS = YES_AGGRESSIVE;
				GCC_WARN_UNUSED_FUNCTION = YES;
				GCC_WARN_UNUSED_VARIABLE = YES;
				IPHONEOS_DEPLOYMENT_TARGET = 12.1;
				MTL_ENABLE_DEBUG_INFO = NO;
				MTL_FAST_MATH = YES;
				SDKROOT = iphoneos;
				VALIDATE_PRODUCT = YES;
			};
			name = Release;
		};
		B42D64062211DEEA00346AF7 /* Debug */ = {
			isa = XCBuildConfiguration;
			buildSettings = {
				ASSETCATALOG_COMPILER_APPICON_NAME = AppIcon;
				CODE_SIGN_STYLE = Automatic;
				DEVELOPMENT_TEAM = AH8N698PRG;
				INFOPLIST_FILE = "$(SRCROOT)/SolarSystem-C24/Resources/Info.plist";
				LD_RUNPATH_SEARCH_PATHS = (
					"$(inherited)",
					"@executable_path/Frameworks",
				);
				PRODUCT_BUNDLE_IDENTIFIER = "com.Cameron-Milliken.SolarSystem-C24";
				PRODUCT_NAME = "$(TARGET_NAME)";
				TARGETED_DEVICE_FAMILY = "1,2";
			};
			name = Debug;
		};
		B42D64072211DEEA00346AF7 /* Release */ = {
			isa = XCBuildConfiguration;
			buildSettings = {
				ASSETCATALOG_COMPILER_APPICON_NAME = AppIcon;
				CODE_SIGN_STYLE = Automatic;
				DEVELOPMENT_TEAM = AH8N698PRG;
				INFOPLIST_FILE = "$(SRCROOT)/SolarSystem-C24/Resources/Info.plist";
				LD_RUNPATH_SEARCH_PATHS = (
					"$(inherited)",
					"@executable_path/Frameworks",
				);
				PRODUCT_BUNDLE_IDENTIFIER = "com.Cameron-Milliken.SolarSystem-C24";
				PRODUCT_NAME = "$(TARGET_NAME)";
				TARGETED_DEVICE_FAMILY = "1,2";
			};
			name = Release;
		};
/* End XCBuildConfiguration section */

/* Begin XCConfigurationList section */
		B42D63EA2211DEE900346AF7 /* Build configuration list for PBXProject "SolarSystem-C24" */ = {
			isa = XCConfigurationList;
			buildConfigurations = (
				B42D64032211DEEA00346AF7 /* Debug */,
				B42D64042211DEEA00346AF7 /* Release */,
			);
			defaultConfigurationIsVisible = 0;
			defaultConfigurationName = Release;
		};
		B42D64052211DEEA00346AF7 /* Build configuration list for PBXNativeTarget "SolarSystem-C24" */ = {
			isa = XCConfigurationList;
			buildConfigurations = (
				B42D64062211DEEA00346AF7 /* Debug */,
				B42D64072211DEEA00346AF7 /* Release */,
			);
			defaultConfigurationIsVisible = 0;
			defaultConfigurationName = Release;
		};
/* End XCConfigurationList section */
	};
	rootObject = B42D63E72211DEE900346AF7 /* Project object */;
}
